
Microsoft Visual Studio Solution File, Format Version 12.00
Project("{FAE04EC0-301F-11D3-BF4B-00C04F79EFBC}") = "src/ScreenCapture", "src/ScreenCapture.csproj", "{F856CB5E-A9DF-4DB4-ACF5-1800AEBAF5E8}"
EndProject
Project("{2150E333-8FDC-42A3-9474-1A3956D46DE8}") = "tests", "tests", "{CB1FB550-092F-4B0B-815A-8398B3ECB5B0}"
EndProject
Project("{2150E333-8FDC-42A3-9474-1A3956D46DE8}") = "src", "src", "{7EAC5C7B-20FA-4250-8BE5-D423CBCD4014}"
EndProject
Project("{FAE04EC0-301F-11D3-BF4B-00C04F79EFBC}") = "test", "tests\Test.csproj", "{52B71022-038C-4EE7-B120-765639254FAA}"
EndProject
Global
	GlobalSection(SolutionConfigurationPlatforms) = preSolution
		Debug|Any CPU = Debug|Any CPU
		Release|Any CPU = Release|Any CPU
	EndGlobalSection
	GlobalSection(ProjectConfigurationPlatforms) = postSolution
		{F856CB5E-A9DF-4DB4-ACF5-1800AEBAF5E8}.Debug|Any CPU.ActiveCfg = Debug|Any CPU
		{F856CB5E-A9DF-4DB4-ACF5-1800AEBAF5E8}.Debug|Any CPU.Build.0 = Debug|Any CPU
		{F856CB5E-A9DF-4DB4-ACF5-1800AEBAF5E8}.Release|Any CPU.ActiveCfg = Release|Any CPU
		{F856CB5E-A9DF-4DB4-ACF5-1800AEBAF5E8}.Release|Any CPU.Build.0 = Release|Any CPU
		{52B71022-038C-4EE7-B120-765639254FAA}.Debug|Any CPU.ActiveCfg = Debug|Any CPU
		{52B71022-038C-4EE7-B120-765639254FAA}.Debug|Any CPU.Build.0 = Debug|Any CPU
		{52B71022-038C-4EE7-B120-765639254FAA}.Release|Any CPU.ActiveCfg = Release|Any CPU
		{52B71022-038C-4EE7-B120-765639254FAA}.Release|Any CPU.Build.0 = Release|Any CPU
	EndGlobalSection
	GlobalSection(NestedProjects) = preSolution
		{F856CB5E-A9DF-4DB4-ACF5-1800AEBAF5E8} = {7EAC5C7B-20FA-4250-8BE5-D423CBCD4014}
		{52B71022-038C-4EE7-B120-765639254FAA} = {CB1FB550-092F-4B0B-815A-8398B3ECB5B0}
	EndGlobalSection
EndGlobal
